
Microsoft Visual Studio Solution File, Format Version 12.00
# Visual Studio Version 17
VisualStudioVersion = 17.6.33829.357
MinimumVisualStudioVersion = 10.0.40219.1
Project("{9A19103F-16F7-4668-BE54-9A1E7A4F7556}") = "WinFormsApp1", "WinFormsApp1\WinFormsApp1.csproj", "{86070C9E-44A1-47B9-BC53-832B69E45BE3}"
EndProject
Project("{54435603-DBB4-11D2-8724-00A0C9A8B90C}") = "Setup", "Setup\Setup.vdproj", "{A069C546-87B3-4A9F-81FF-E98AFF7F594A}"
EndProject
Global
	GlobalSection(SolutionConfigurationPlatforms) = preSolution
		Debug|Any CPU = Debug|Any CPU
		Release|Any CPU = Release|Any CPU
	EndGlobalSection
	GlobalSection(ProjectConfigurationPlatforms) = postSolution
		{86070C9E-44A1-47B9-BC53-832B69E45BE3}.Debug|Any CPU.ActiveCfg = Release|Any CPU
		{86070C9E-44A1-47B9-BC53-832B69E45BE3}.Debug|Any CPU.Build.0 = Release|Any CPU
		{86070C9E-44A1-47B9-BC53-832B69E45BE3}.Release|Any CPU.ActiveCfg = Release|Any CPU
		{86070C9E-44A1-47B9-BC53-832B69E45BE3}.Release|Any CPU.Build.0 = Release|Any CPU
		{A069C546-87B3-4A9F-81FF-E98AFF7F594A}.Debug|Any CPU.ActiveCfg = Debug
		{A069C546-87B3-4A9F-81FF-E98AFF7F594A}.Release|Any CPU.ActiveCfg = Release
	EndGlobalSection
	GlobalSection(SolutionProperties) = preSolution
		HideSolutionNode = FALSE
	EndGlobalSection
	GlobalSection(ExtensibilityGlobals) = postSolution
		SolutionGuid = {90AA0EBB-716F-409B-9472-F95D1F9E3FEA}
	EndGlobalSection
EndGlobal
